
Microsoft Visual Studio Solution File, Format Version 12.00
# Visual Studio Version 16
VisualStudioVersion = 16.0.33328.57
MinimumVisualStudioVersion = 10.0.40219.1
Project("{888888A0-9F3D-457C-B088-3A5042F75D52}") = "MtlExport", "MtlExport\MtlExport.pyproj", "{4480F1BE-CB18-449A-9EAF-BD1C17F27C45}"
EndProject
Global
	GlobalSection(SolutionConfigurationPlatforms) = preSolution
		Debug|Any CPU = Debug|Any CPU
		Release|Any CPU = Release|Any CPU
	EndGlobalSection
	GlobalSection(ProjectConfigurationPlatforms) = postSolution
		{4480F1BE-CB18-449A-9EAF-BD1C17F27C45}.Debug|Any CPU.ActiveCfg = Debug|Any CPU
		{4480F1BE-CB18-449A-9EAF-BD1C17F27C45}.Release|Any CPU.ActiveCfg = Release|Any CPU
	EndGlobalSection
	GlobalSection(SolutionProperties) = preSolution
		HideSolutionNode = FALSE
	EndGlobalSection
	GlobalSection(ExtensibilityGlobals) = postSolution
		SolutionGuid = {7F134793-C49F-4707-A7A9-5775C53F97C4}
	EndGlobalSection
EndGlobal
